
Microsoft Visual Studio Solution File, Format Version 12.00
# Visual Studio Version 17
VisualStudioVersion = 17.3.32929.385
MinimumVisualStudioVersion = 10.0.40219.1
Project("{9A19103F-16F7-4668-BE54-9A1E7A4F7556}") = "UiPathTeam.MSExcel.Activities", "UiPathTeam.MSExcel.Activities\UiPathTeam.MSExcel.Activities.csproj", "{D568BFA0-E6DB-408E-A36F-62CB2D86DDD5}"
EndProject
Project("{9A19103F-16F7-4668-BE54-9A1E7A4F7556}") = "UiPathTeam.MSExcel.Activities.Test", "UiPathTeam.MSExcel.Activities.Test\UiPathTeam.MSExcel.Activities.Test.csproj", "{A57239F8-0CE6-4F34-9FA1-81755517D9B2}"
EndProject
Global
	GlobalSection(SolutionConfigurationPlatforms) = preSolution
		Debug|Any CPU = Debug|Any CPU
		Release|Any CPU = Release|Any CPU
	EndGlobalSection
	GlobalSection(ProjectConfigurationPlatforms) = postSolution
		{D568BFA0-E6DB-408E-A36F-62CB2D86DDD5}.Debug|Any CPU.ActiveCfg = Debug|Any CPU
		{D568BFA0-E6DB-408E-A36F-62CB2D86DDD5}.Debug|Any CPU.Build.0 = Debug|Any CPU
		{D568BFA0-E6DB-408E-A36F-62CB2D86DDD5}.Release|Any CPU.ActiveCfg = Release|Any CPU
		{D568BFA0-E6DB-408E-A36F-62CB2D86DDD5}.Release|Any CPU.Build.0 = Release|Any CPU
		{A57239F8-0CE6-4F34-9FA1-81755517D9B2}.Debug|Any CPU.ActiveCfg = Debug|Any CPU
		{A57239F8-0CE6-4F34-9FA1-81755517D9B2}.Debug|Any CPU.Build.0 = Debug|Any CPU
		{A57239F8-0CE6-4F34-9FA1-81755517D9B2}.Release|Any CPU.ActiveCfg = Release|Any CPU
		{A57239F8-0CE6-4F34-9FA1-81755517D9B2}.Release|Any CPU.Build.0 = Release|Any CPU
	EndGlobalSection
	GlobalSection(SolutionProperties) = preSolution
		HideSolutionNode = FALSE
	EndGlobalSection
	GlobalSection(ExtensibilityGlobals) = postSolution
		SolutionGuid = {89B4C98E-E05C-481F-B574-B4112B9499BF}
	EndGlobalSection
EndGlobal
