
Microsoft Visual Studio Solution File, Format Version 12.00
# Visual Studio 15
VisualStudioVersion = 15.0.28307.271
MinimumVisualStudioVersion = 10.0.40219.1
Project("{FAE04EC0-301F-11D3-BF4B-00C04F79EFBC}") = "UiPathTeam.Excel.Activities", "Microsoft Office\UiPathTeam.Excel.Activities\UiPathTeam.Excel.Activities.csproj", "{D568BFA0-E6DB-408E-A36F-62CB2D86DDD5}"
EndProject
Project("{2150E333-8FDC-42A3-9474-1A3956D46DE8}") = "Microsoft Office", "Microsoft Office", "{8C546906-78AA-43B2-B54F-BF78C09937F5}"
EndProject
Project("{FAE04EC0-301F-11D3-BF4B-00C04F79EFBC}") = "UiPathTeam.Excel.Activities.Test", "Microsoft Office\UiPathTeam.Excel.Activities.Test\UiPathTeam.Excel.Activities.Test.csproj", "{A57239F8-0CE6-4F34-9FA1-81755517D9B2}"
EndProject
Global
	GlobalSection(SolutionConfigurationPlatforms) = preSolution
		Debug|Any CPU = Debug|Any CPU
		Release|Any CPU = Release|Any CPU
	EndGlobalSection
	GlobalSection(ProjectConfigurationPlatforms) = postSolution
		{D568BFA0-E6DB-408E-A36F-62CB2D86DDD5}.Debug|Any CPU.ActiveCfg = Debug|Any CPU
		{D568BFA0-E6DB-408E-A36F-62CB2D86DDD5}.Debug|Any CPU.Build.0 = Debug|Any CPU
		{D568BFA0-E6DB-408E-A36F-62CB2D86DDD5}.Release|Any CPU.ActiveCfg = Release|Any CPU
		{D568BFA0-E6DB-408E-A36F-62CB2D86DDD5}.Release|Any CPU.Build.0 = Release|Any CPU
		{A57239F8-0CE6-4F34-9FA1-81755517D9B2}.Debug|Any CPU.ActiveCfg = Debug|Any CPU
		{A57239F8-0CE6-4F34-9FA1-81755517D9B2}.Debug|Any CPU.Build.0 = Debug|Any CPU
		{A57239F8-0CE6-4F34-9FA1-81755517D9B2}.Release|Any CPU.ActiveCfg = Release|Any CPU
		{A57239F8-0CE6-4F34-9FA1-81755517D9B2}.Release|Any CPU.Build.0 = Release|Any CPU
	EndGlobalSection
	GlobalSection(SolutionProperties) = preSolution
		HideSolutionNode = FALSE
	EndGlobalSection
	GlobalSection(NestedProjects) = preSolution
		{D568BFA0-E6DB-408E-A36F-62CB2D86DDD5} = {8C546906-78AA-43B2-B54F-BF78C09937F5}
		{A57239F8-0CE6-4F34-9FA1-81755517D9B2} = {8C546906-78AA-43B2-B54F-BF78C09937F5}
	EndGlobalSection
	GlobalSection(ExtensibilityGlobals) = postSolution
		SolutionGuid = {89B4C98E-E05C-481F-B574-B4112B9499BF}
	EndGlobalSection
EndGlobal
